
Microsoft Visual Studio Solution File, Format Version 12.00
# Visual Studio Version 16
VisualStudioVersion = 16.0.34031.81
MinimumVisualStudioVersion = 10.0.40219.1
Project("{8BC9CEB8-8B4A-11D0-8D11-00A0C91BC942}") = "Lab-4", "Lab-4\Lab-4.vcxproj", "{64CDB6A9-1154-4ADF-A258-DA6A3B052578}"
EndProject
Global
	GlobalSection(SolutionConfigurationPlatforms) = preSolution
		Debug|x64 = Debug|x64
		Debug|x86 = Debug|x86
		Release|x64 = Release|x64
		Release|x86 = Release|x86
	EndGlobalSection
	GlobalSection(ProjectConfigurationPlatforms) = postSolution
		{64CDB6A9-1154-4ADF-A258-DA6A3B052578}.Debug|x64.ActiveCfg = Debug|x64
		{64CDB6A9-1154-4ADF-A258-DA6A3B052578}.Debug|x64.Build.0 = Debug|x64
		{64CDB6A9-1154-4ADF-A258-DA6A3B052578}.Debug|x86.ActiveCfg = Debug|Win32
		{64CDB6A9-1154-4ADF-A258-DA6A3B052578}.Debug|x86.Build.0 = Debug|Win32
		{64CDB6A9-1154-4ADF-A258-DA6A3B052578}.Release|x64.ActiveCfg = Release|x64
		{64CDB6A9-1154-4ADF-A258-DA6A3B052578}.Release|x64.Build.0 = Release|x64
		{64CDB6A9-1154-4ADF-A258-DA6A3B052578}.Release|x86.ActiveCfg = Release|Win32
		{64CDB6A9-1154-4ADF-A258-DA6A3B052578}.Release|x86.Build.0 = Release|Win32
	EndGlobalSection
	GlobalSection(SolutionProperties) = preSolution
		HideSolutionNode = FALSE
	EndGlobalSection
	GlobalSection(ExtensibilityGlobals) = postSolution
		SolutionGuid = {FE90300E-DF30-4F64-987A-557BC1DB28E1}
	EndGlobalSection
EndGlobal
